
Microsoft Visual Studio Solution File, Format Version 12.00
# Visual Studio Version 17
VisualStudioVersion = 17.9.34310.174
MinimumVisualStudioVersion = 10.0.40219.1
Project("{FAE04EC0-301F-11D3-BF4B-00C04F79EFBC}") = "MeuSuperBanco", "MeuSuperBanco\MeuSuperBanco.csproj", "{A0054227-E04F-454E-B719-BD6C4105C782}"
EndProject
Global
	GlobalSection(SolutionConfigurationPlatforms) = preSolution
		Debug|Any CPU = Debug|Any CPU
		Release|Any CPU = Release|Any CPU
	EndGlobalSection
	GlobalSection(ProjectConfigurationPlatforms) = postSolution
		{A0054227-E04F-454E-B719-BD6C4105C782}.Debug|Any CPU.ActiveCfg = Debug|Any CPU
		{A0054227-E04F-454E-B719-BD6C4105C782}.Debug|Any CPU.Build.0 = Debug|Any CPU
		{A0054227-E04F-454E-B719-BD6C4105C782}.Release|Any CPU.ActiveCfg = Release|Any CPU
		{A0054227-E04F-454E-B719-BD6C4105C782}.Release|Any CPU.Build.0 = Release|Any CPU
	EndGlobalSection
	GlobalSection(SolutionProperties) = preSolution
		HideSolutionNode = FALSE
	EndGlobalSection
	GlobalSection(ExtensibilityGlobals) = postSolution
		SolutionGuid = {59B4B9E8-57F4-4752-8909-32C12AC26A93}
	EndGlobalSection
EndGlobal
